
Microsoft Visual Studio Solution File, Format Version 12.00
# Visual Studio 15
VisualStudioVersion = 15.0.28010.2041
MinimumVisualStudioVersion = 10.0.40219.1
Project("{FAE04EC0-301F-11D3-BF4B-00C04F79EFBC}") = "A4", "A4\A4.csproj", "{A2AC043D-C703-4205-BBC0-AB3DD7315129}"
EndProject
Project("{FAE04EC0-301F-11D3-BF4B-00C04F79EFBC}") = "TestCommon", "..\Common\TestCommon\TestCommon.csproj", "{C39FF0C4-6960-42AD-8E2C-D2CAFE850A52}"
EndProject
Project("{FAE04EC0-301F-11D3-BF4B-00C04F79EFBC}") = "A4Tests", "A4Tests\A4Tests.csproj", "{F132F23F-FA16-41E4-A542-040A617F10DE}"
EndProject
Global
	GlobalSection(SolutionConfigurationPlatforms) = preSolution
		Debug|Any CPU = Debug|Any CPU
		Release|Any CPU = Release|Any CPU
	EndGlobalSection
	GlobalSection(ProjectConfigurationPlatforms) = postSolution
		{A2AC043D-C703-4205-BBC0-AB3DD7315129}.Debug|Any CPU.ActiveCfg = Debug|Any CPU
		{A2AC043D-C703-4205-BBC0-AB3DD7315129}.Debug|Any CPU.Build.0 = Debug|Any CPU
		{A2AC043D-C703-4205-BBC0-AB3DD7315129}.Release|Any CPU.ActiveCfg = Release|Any CPU
		{A2AC043D-C703-4205-BBC0-AB3DD7315129}.Release|Any CPU.Build.0 = Release|Any CPU
		{C39FF0C4-6960-42AD-8E2C-D2CAFE850A52}.Debug|Any CPU.ActiveCfg = Debug|Any CPU
		{C39FF0C4-6960-42AD-8E2C-D2CAFE850A52}.Debug|Any CPU.Build.0 = Debug|Any CPU
		{C39FF0C4-6960-42AD-8E2C-D2CAFE850A52}.Release|Any CPU.ActiveCfg = Release|Any CPU
		{C39FF0C4-6960-42AD-8E2C-D2CAFE850A52}.Release|Any CPU.Build.0 = Release|Any CPU
		{F132F23F-FA16-41E4-A542-040A617F10DE}.Debug|Any CPU.ActiveCfg = Debug|Any CPU
		{F132F23F-FA16-41E4-A542-040A617F10DE}.Debug|Any CPU.Build.0 = Debug|Any CPU
		{F132F23F-FA16-41E4-A542-040A617F10DE}.Release|Any CPU.ActiveCfg = Release|Any CPU
		{F132F23F-FA16-41E4-A542-040A617F10DE}.Release|Any CPU.Build.0 = Release|Any CPU
	EndGlobalSection
	GlobalSection(SolutionProperties) = preSolution
		HideSolutionNode = FALSE
	EndGlobalSection
	GlobalSection(ExtensibilityGlobals) = postSolution
		SolutionGuid = {968F2717-2B02-4368-9A9C-7C06FB3C5ED6}
	EndGlobalSection
EndGlobal
