
Microsoft Visual Studio Solution File, Format Version 12.00
# Visual Studio 15
VisualStudioVersion = 15.0.27130.2027
MinimumVisualStudioVersion = 10.0.40219.1
Project("{FAE04EC0-301F-11D3-BF4B-00C04F79EFBC}") = "A2", "A2\A2.csproj", "{3E74DD85-3EB6-4E65-9595-0538E55289D3}"
EndProject
Project("{FAE04EC0-301F-11D3-BF4B-00C04F79EFBC}") = "A2Tests", "A2Tests\A2Tests.csproj", "{03CE17D6-8D01-4147-A550-0A70A3C7BD98}"
EndProject
Project("{FAE04EC0-301F-11D3-BF4B-00C04F79EFBC}") = "TestCommon", "TestCommon\TestCommon.csproj", "{B76C3A2D-6041-40D7-B6C2-18BF0D9E4844}"
EndProject
Global
	GlobalSection(SolutionConfigurationPlatforms) = preSolution
		Debug|Any CPU = Debug|Any CPU
		Release|Any CPU = Release|Any CPU
	EndGlobalSection
	GlobalSection(ProjectConfigurationPlatforms) = postSolution
		{3E74DD85-3EB6-4E65-9595-0538E55289D3}.Debug|Any CPU.ActiveCfg = Release|Any CPU
		{3E74DD85-3EB6-4E65-9595-0538E55289D3}.Debug|Any CPU.Build.0 = Release|Any CPU
		{3E74DD85-3EB6-4E65-9595-0538E55289D3}.Release|Any CPU.ActiveCfg = Release|Any CPU
		{3E74DD85-3EB6-4E65-9595-0538E55289D3}.Release|Any CPU.Build.0 = Release|Any CPU
		{03CE17D6-8D01-4147-A550-0A70A3C7BD98}.Debug|Any CPU.ActiveCfg = Release|Any CPU
		{03CE17D6-8D01-4147-A550-0A70A3C7BD98}.Debug|Any CPU.Build.0 = Release|Any CPU
		{03CE17D6-8D01-4147-A550-0A70A3C7BD98}.Release|Any CPU.ActiveCfg = Release|Any CPU
		{03CE17D6-8D01-4147-A550-0A70A3C7BD98}.Release|Any CPU.Build.0 = Release|Any CPU
		{B76C3A2D-6041-40D7-B6C2-18BF0D9E4844}.Debug|Any CPU.ActiveCfg = Release|Any CPU
		{B76C3A2D-6041-40D7-B6C2-18BF0D9E4844}.Debug|Any CPU.Build.0 = Release|Any CPU
		{B76C3A2D-6041-40D7-B6C2-18BF0D9E4844}.Release|Any CPU.ActiveCfg = Release|Any CPU
		{B76C3A2D-6041-40D7-B6C2-18BF0D9E4844}.Release|Any CPU.Build.0 = Release|Any CPU
	EndGlobalSection
	GlobalSection(SolutionProperties) = preSolution
		HideSolutionNode = FALSE
	EndGlobalSection
	GlobalSection(ExtensibilityGlobals) = postSolution
		SolutionGuid = {16AB86F0-A820-46D0-B00F-84478D3E1BC1}
	EndGlobalSection
EndGlobal
