
Microsoft Visual Studio Solution File, Format Version 12.00
# Visual Studio 15
VisualStudioVersion = 15.0.28010.2041
MinimumVisualStudioVersion = 10.0.40219.1
Project("{FAE04EC0-301F-11D3-BF4B-00C04F79EFBC}") = "A5", "A5\A5.csproj", "{7470B923-2C81-4252-BE32-EA42CE36022E}"
EndProject
Project("{FAE04EC0-301F-11D3-BF4B-00C04F79EFBC}") = "A5Tests", "A5Tests\A5Tests.csproj", "{AF74247A-90A1-4000-9489-22165FEB1690}"
EndProject
Project("{FAE04EC0-301F-11D3-BF4B-00C04F79EFBC}") = "TestCommon", "..\Common\TestCommon\TestCommon.csproj", "{C39FF0C4-6960-42AD-8E2C-D2CAFE850A52}"
EndProject
Global
	GlobalSection(SolutionConfigurationPlatforms) = preSolution
		Debug|Any CPU = Debug|Any CPU
		Release|Any CPU = Release|Any CPU
	EndGlobalSection
	GlobalSection(ProjectConfigurationPlatforms) = postSolution
		{7470B923-2C81-4252-BE32-EA42CE36022E}.Debug|Any CPU.ActiveCfg = Debug|Any CPU
		{7470B923-2C81-4252-BE32-EA42CE36022E}.Debug|Any CPU.Build.0 = Debug|Any CPU
		{7470B923-2C81-4252-BE32-EA42CE36022E}.Release|Any CPU.ActiveCfg = Release|Any CPU
		{7470B923-2C81-4252-BE32-EA42CE36022E}.Release|Any CPU.Build.0 = Release|Any CPU
		{AF74247A-90A1-4000-9489-22165FEB1690}.Debug|Any CPU.ActiveCfg = Debug|Any CPU
		{AF74247A-90A1-4000-9489-22165FEB1690}.Debug|Any CPU.Build.0 = Debug|Any CPU
		{AF74247A-90A1-4000-9489-22165FEB1690}.Release|Any CPU.ActiveCfg = Release|Any CPU
		{AF74247A-90A1-4000-9489-22165FEB1690}.Release|Any CPU.Build.0 = Release|Any CPU
		{C39FF0C4-6960-42AD-8E2C-D2CAFE850A52}.Debug|Any CPU.ActiveCfg = Debug|Any CPU
		{C39FF0C4-6960-42AD-8E2C-D2CAFE850A52}.Debug|Any CPU.Build.0 = Debug|Any CPU
		{C39FF0C4-6960-42AD-8E2C-D2CAFE850A52}.Release|Any CPU.ActiveCfg = Release|Any CPU
		{C39FF0C4-6960-42AD-8E2C-D2CAFE850A52}.Release|Any CPU.Build.0 = Release|Any CPU
	EndGlobalSection
	GlobalSection(SolutionProperties) = preSolution
		HideSolutionNode = FALSE
	EndGlobalSection
	GlobalSection(ExtensibilityGlobals) = postSolution
		SolutionGuid = {7739FA64-F82B-40E5-B244-70734EA2CF1C}
	EndGlobalSection
EndGlobal
