
Microsoft Visual Studio Solution File, Format Version 12.00
# Visual Studio 15
VisualStudioVersion = 15.0.28010.2041
MinimumVisualStudioVersion = 10.0.40219.1
Project("{FAE04EC0-301F-11D3-BF4B-00C04F79EFBC}") = "E2", "E2\E2.csproj", "{73351CBE-10DB-461A-AA23-F3CDC393550C}"
EndProject
Project("{FAE04EC0-301F-11D3-BF4B-00C04F79EFBC}") = "E2Tests", "E2Tests\E2Tests.csproj", "{2C8EC306-491C-4380-B1B1-B341F371FAD1}"
EndProject
Project("{FAE04EC0-301F-11D3-BF4B-00C04F79EFBC}") = "TestCommon", "..\Common\TestCommon\TestCommon.csproj", "{C39FF0C4-6960-42AD-8E2C-D2CAFE850A52}"
EndProject
Global
	GlobalSection(SolutionConfigurationPlatforms) = preSolution
		Debug|Any CPU = Debug|Any CPU
		Release|Any CPU = Release|Any CPU
	EndGlobalSection
	GlobalSection(ProjectConfigurationPlatforms) = postSolution
		{73351CBE-10DB-461A-AA23-F3CDC393550C}.Debug|Any CPU.ActiveCfg = Debug|Any CPU
		{73351CBE-10DB-461A-AA23-F3CDC393550C}.Debug|Any CPU.Build.0 = Debug|Any CPU
		{73351CBE-10DB-461A-AA23-F3CDC393550C}.Release|Any CPU.ActiveCfg = Release|Any CPU
		{73351CBE-10DB-461A-AA23-F3CDC393550C}.Release|Any CPU.Build.0 = Release|Any CPU
		{2C8EC306-491C-4380-B1B1-B341F371FAD1}.Debug|Any CPU.ActiveCfg = Debug|Any CPU
		{2C8EC306-491C-4380-B1B1-B341F371FAD1}.Debug|Any CPU.Build.0 = Debug|Any CPU
		{2C8EC306-491C-4380-B1B1-B341F371FAD1}.Release|Any CPU.ActiveCfg = Release|Any CPU
		{2C8EC306-491C-4380-B1B1-B341F371FAD1}.Release|Any CPU.Build.0 = Release|Any CPU
		{C39FF0C4-6960-42AD-8E2C-D2CAFE850A52}.Debug|Any CPU.ActiveCfg = Debug|Any CPU
		{C39FF0C4-6960-42AD-8E2C-D2CAFE850A52}.Debug|Any CPU.Build.0 = Debug|Any CPU
		{C39FF0C4-6960-42AD-8E2C-D2CAFE850A52}.Release|Any CPU.ActiveCfg = Release|Any CPU
		{C39FF0C4-6960-42AD-8E2C-D2CAFE850A52}.Release|Any CPU.Build.0 = Release|Any CPU
	EndGlobalSection
	GlobalSection(SolutionProperties) = preSolution
		HideSolutionNode = FALSE
	EndGlobalSection
	GlobalSection(ExtensibilityGlobals) = postSolution
		SolutionGuid = {5B281337-0AE4-45DB-A217-E9C5F8A2548C}
	EndGlobalSection
EndGlobal
