
Microsoft Visual Studio Solution File, Format Version 12.00
# Visual Studio 15
VisualStudioVersion = 15.0.28010.2041
MinimumVisualStudioVersion = 10.0.40219.1
Project("{FAE04EC0-301F-11D3-BF4B-00C04F79EFBC}") = "A12", "A12\A12.csproj", "{DFEF9A56-9DF3-4CDD-A90F-E282951FC422}"
EndProject
Project("{FAE04EC0-301F-11D3-BF4B-00C04F79EFBC}") = "A12Tests", "A12Tests\A12Tests.csproj", "{8A035757-DC3F-4F85-B3CE-52EAF5E9D834}"
EndProject
Project("{FAE04EC0-301F-11D3-BF4B-00C04F79EFBC}") = "TestCommon", "..\Common\TestCommon\TestCommon.csproj", "{C39FF0C4-6960-42AD-8E2C-D2CAFE850A52}"
EndProject
Global
	GlobalSection(SolutionConfigurationPlatforms) = preSolution
		Debug|Any CPU = Debug|Any CPU
		Release|Any CPU = Release|Any CPU
	EndGlobalSection
	GlobalSection(ProjectConfigurationPlatforms) = postSolution
		{DFEF9A56-9DF3-4CDD-A90F-E282951FC422}.Debug|Any CPU.ActiveCfg = Debug|Any CPU
		{DFEF9A56-9DF3-4CDD-A90F-E282951FC422}.Debug|Any CPU.Build.0 = Debug|Any CPU
		{DFEF9A56-9DF3-4CDD-A90F-E282951FC422}.Release|Any CPU.ActiveCfg = Release|Any CPU
		{DFEF9A56-9DF3-4CDD-A90F-E282951FC422}.Release|Any CPU.Build.0 = Release|Any CPU
		{8A035757-DC3F-4F85-B3CE-52EAF5E9D834}.Debug|Any CPU.ActiveCfg = Debug|Any CPU
		{8A035757-DC3F-4F85-B3CE-52EAF5E9D834}.Debug|Any CPU.Build.0 = Debug|Any CPU
		{8A035757-DC3F-4F85-B3CE-52EAF5E9D834}.Release|Any CPU.ActiveCfg = Release|Any CPU
		{8A035757-DC3F-4F85-B3CE-52EAF5E9D834}.Release|Any CPU.Build.0 = Release|Any CPU
		{C39FF0C4-6960-42AD-8E2C-D2CAFE850A52}.Debug|Any CPU.ActiveCfg = Debug|Any CPU
		{C39FF0C4-6960-42AD-8E2C-D2CAFE850A52}.Debug|Any CPU.Build.0 = Debug|Any CPU
		{C39FF0C4-6960-42AD-8E2C-D2CAFE850A52}.Release|Any CPU.ActiveCfg = Release|Any CPU
		{C39FF0C4-6960-42AD-8E2C-D2CAFE850A52}.Release|Any CPU.Build.0 = Release|Any CPU
	EndGlobalSection
	GlobalSection(SolutionProperties) = preSolution
		HideSolutionNode = FALSE
	EndGlobalSection
	GlobalSection(ExtensibilityGlobals) = postSolution
		SolutionGuid = {D7B81A6E-85AE-46FA-A7C6-60020042A8FB}
	EndGlobalSection
EndGlobal
