
Microsoft Visual Studio Solution File, Format Version 12.00
# Visual Studio 15
VisualStudioVersion = 15.0.27130.2027
MinimumVisualStudioVersion = 10.0.40219.1
Project("{FAE04EC0-301F-11D3-BF4B-00C04F79EFBC}") = "A1", "A1\A1.csproj", "{DD5BA660-9209-41BC-94DA-9FC93C73E827}"
EndProject
Project("{FAE04EC0-301F-11D3-BF4B-00C04F79EFBC}") = "A1Tests", "A1Tests\A1Tests.csproj", "{D5B0F1B4-70FC-4ABB-BA4B-2DC2BE4F6724}"
EndProject
Project("{FAE04EC0-301F-11D3-BF4B-00C04F79EFBC}") = "TestCommon", "..\Common\TestCommon\TestCommon.csproj", "{C39FF0C4-6960-42AD-8E2C-D2CAFE850A52}"
EndProject
Global
	GlobalSection(SolutionConfigurationPlatforms) = preSolution
		Debug|Any CPU = Debug|Any CPU
		Release|Any CPU = Release|Any CPU
	EndGlobalSection
	GlobalSection(ProjectConfigurationPlatforms) = postSolution
		{DD5BA660-9209-41BC-94DA-9FC93C73E827}.Debug|Any CPU.ActiveCfg = Debug|Any CPU
		{DD5BA660-9209-41BC-94DA-9FC93C73E827}.Debug|Any CPU.Build.0 = Debug|Any CPU
		{DD5BA660-9209-41BC-94DA-9FC93C73E827}.Release|Any CPU.ActiveCfg = Release|Any CPU
		{DD5BA660-9209-41BC-94DA-9FC93C73E827}.Release|Any CPU.Build.0 = Release|Any CPU
		{D5B0F1B4-70FC-4ABB-BA4B-2DC2BE4F6724}.Debug|Any CPU.ActiveCfg = Debug|Any CPU
		{D5B0F1B4-70FC-4ABB-BA4B-2DC2BE4F6724}.Debug|Any CPU.Build.0 = Debug|Any CPU
		{D5B0F1B4-70FC-4ABB-BA4B-2DC2BE4F6724}.Release|Any CPU.ActiveCfg = Release|Any CPU
		{D5B0F1B4-70FC-4ABB-BA4B-2DC2BE4F6724}.Release|Any CPU.Build.0 = Release|Any CPU
		{C39FF0C4-6960-42AD-8E2C-D2CAFE850A52}.Debug|Any CPU.ActiveCfg = Debug|Any CPU
		{C39FF0C4-6960-42AD-8E2C-D2CAFE850A52}.Debug|Any CPU.Build.0 = Debug|Any CPU
		{C39FF0C4-6960-42AD-8E2C-D2CAFE850A52}.Release|Any CPU.ActiveCfg = Release|Any CPU
		{C39FF0C4-6960-42AD-8E2C-D2CAFE850A52}.Release|Any CPU.Build.0 = Release|Any CPU
	EndGlobalSection
	GlobalSection(SolutionProperties) = preSolution
		HideSolutionNode = FALSE
	EndGlobalSection
	GlobalSection(ExtensibilityGlobals) = postSolution
		SolutionGuid = {F23B9635-792A-4519-A90D-5B796582A912}
	EndGlobalSection
EndGlobal
