
Microsoft Visual Studio Solution File, Format Version 12.00
# Visual Studio 15
VisualStudioVersion = 15.0.28010.2041
MinimumVisualStudioVersion = 10.0.40219.1
Project("{FAE04EC0-301F-11D3-BF4B-00C04F79EFBC}") = "A10", "A10\A10.csproj", "{B12C8119-E48C-4765-A022-D477EECA4DDB}"
EndProject
Project("{FAE04EC0-301F-11D3-BF4B-00C04F79EFBC}") = "A10Tests", "A10Tests\A10Tests.csproj", "{4E1AFD2F-C9DE-422D-B5F4-D2CA514F15E3}"
EndProject
Project("{FAE04EC0-301F-11D3-BF4B-00C04F79EFBC}") = "TestCommon", "..\Common\TestCommon\TestCommon.csproj", "{C39FF0C4-6960-42AD-8E2C-D2CAFE850A52}"
EndProject
Global
	GlobalSection(SolutionConfigurationPlatforms) = preSolution
		Debug|Any CPU = Debug|Any CPU
		Release|Any CPU = Release|Any CPU
	EndGlobalSection
	GlobalSection(ProjectConfigurationPlatforms) = postSolution
		{B12C8119-E48C-4765-A022-D477EECA4DDB}.Debug|Any CPU.ActiveCfg = Debug|Any CPU
		{B12C8119-E48C-4765-A022-D477EECA4DDB}.Debug|Any CPU.Build.0 = Debug|Any CPU
		{B12C8119-E48C-4765-A022-D477EECA4DDB}.Release|Any CPU.ActiveCfg = Release|Any CPU
		{B12C8119-E48C-4765-A022-D477EECA4DDB}.Release|Any CPU.Build.0 = Release|Any CPU
		{4E1AFD2F-C9DE-422D-B5F4-D2CA514F15E3}.Debug|Any CPU.ActiveCfg = Debug|Any CPU
		{4E1AFD2F-C9DE-422D-B5F4-D2CA514F15E3}.Debug|Any CPU.Build.0 = Debug|Any CPU
		{4E1AFD2F-C9DE-422D-B5F4-D2CA514F15E3}.Release|Any CPU.ActiveCfg = Release|Any CPU
		{4E1AFD2F-C9DE-422D-B5F4-D2CA514F15E3}.Release|Any CPU.Build.0 = Release|Any CPU
		{C39FF0C4-6960-42AD-8E2C-D2CAFE850A52}.Debug|Any CPU.ActiveCfg = Debug|Any CPU
		{C39FF0C4-6960-42AD-8E2C-D2CAFE850A52}.Debug|Any CPU.Build.0 = Debug|Any CPU
		{C39FF0C4-6960-42AD-8E2C-D2CAFE850A52}.Release|Any CPU.ActiveCfg = Release|Any CPU
		{C39FF0C4-6960-42AD-8E2C-D2CAFE850A52}.Release|Any CPU.Build.0 = Release|Any CPU
	EndGlobalSection
	GlobalSection(SolutionProperties) = preSolution
		HideSolutionNode = FALSE
	EndGlobalSection
	GlobalSection(ExtensibilityGlobals) = postSolution
		SolutionGuid = {C8091219-392E-4C6E-9959-24350B42449E}
	EndGlobalSection
EndGlobal
