
Microsoft Visual Studio Solution File, Format Version 12.00
# Visual Studio 15
VisualStudioVersion = 15.0.28010.2041
MinimumVisualStudioVersion = 10.0.40219.1
Project("{FAE04EC0-301F-11D3-BF4B-00C04F79EFBC}") = "A6", "A6\A6.csproj", "{1D3E2650-F9CF-4915-A921-16031A32DE1B}"
EndProject
Project("{FAE04EC0-301F-11D3-BF4B-00C04F79EFBC}") = "A6Tests", "A6Tests\A6Tests.csproj", "{1E4B1C89-40BB-4547-AB4F-F1195D6E8332}"
EndProject
Project("{FAE04EC0-301F-11D3-BF4B-00C04F79EFBC}") = "TestCommon", "..\Common\TestCommon\TestCommon.csproj", "{C39FF0C4-6960-42AD-8E2C-D2CAFE850A52}"
EndProject
Global
	GlobalSection(SolutionConfigurationPlatforms) = preSolution
		Debug|Any CPU = Debug|Any CPU
		Release|Any CPU = Release|Any CPU
	EndGlobalSection
	GlobalSection(ProjectConfigurationPlatforms) = postSolution
		{1D3E2650-F9CF-4915-A921-16031A32DE1B}.Debug|Any CPU.ActiveCfg = Debug|Any CPU
		{1D3E2650-F9CF-4915-A921-16031A32DE1B}.Debug|Any CPU.Build.0 = Debug|Any CPU
		{1D3E2650-F9CF-4915-A921-16031A32DE1B}.Release|Any CPU.ActiveCfg = Release|Any CPU
		{1D3E2650-F9CF-4915-A921-16031A32DE1B}.Release|Any CPU.Build.0 = Release|Any CPU
		{1E4B1C89-40BB-4547-AB4F-F1195D6E8332}.Debug|Any CPU.ActiveCfg = Debug|Any CPU
		{1E4B1C89-40BB-4547-AB4F-F1195D6E8332}.Debug|Any CPU.Build.0 = Debug|Any CPU
		{1E4B1C89-40BB-4547-AB4F-F1195D6E8332}.Release|Any CPU.ActiveCfg = Release|Any CPU
		{1E4B1C89-40BB-4547-AB4F-F1195D6E8332}.Release|Any CPU.Build.0 = Release|Any CPU
		{C39FF0C4-6960-42AD-8E2C-D2CAFE850A52}.Debug|Any CPU.ActiveCfg = Debug|Any CPU
		{C39FF0C4-6960-42AD-8E2C-D2CAFE850A52}.Debug|Any CPU.Build.0 = Debug|Any CPU
		{C39FF0C4-6960-42AD-8E2C-D2CAFE850A52}.Release|Any CPU.ActiveCfg = Release|Any CPU
		{C39FF0C4-6960-42AD-8E2C-D2CAFE850A52}.Release|Any CPU.Build.0 = Release|Any CPU
	EndGlobalSection
	GlobalSection(SolutionProperties) = preSolution
		HideSolutionNode = FALSE
	EndGlobalSection
	GlobalSection(ExtensibilityGlobals) = postSolution
		SolutionGuid = {D91A8C1C-97A9-4B8D-8418-D27C7FDF7EAA}
	EndGlobalSection
EndGlobal
