
Microsoft Visual Studio Solution File, Format Version 12.00
# Visual Studio 15
VisualStudioVersion = 15.0.28010.2041
MinimumVisualStudioVersion = 10.0.40219.1
Project("{FAE04EC0-301F-11D3-BF4B-00C04F79EFBC}") = "A8", "A8\A8.csproj", "{251A35C5-652D-4E8F-814B-80BA27B1F212}"
EndProject
Project("{FAE04EC0-301F-11D3-BF4B-00C04F79EFBC}") = "A8Tests", "A8Tests\A8Tests.csproj", "{D7D717BB-3940-403E-9BF0-D1FE9D361F1E}"
EndProject
Project("{FAE04EC0-301F-11D3-BF4B-00C04F79EFBC}") = "TestCommon", "..\Common\TestCommon\TestCommon.csproj", "{C39FF0C4-6960-42AD-8E2C-D2CAFE850A52}"
EndProject
Global
	GlobalSection(SolutionConfigurationPlatforms) = preSolution
		Debug|Any CPU = Debug|Any CPU
		Release|Any CPU = Release|Any CPU
	EndGlobalSection
	GlobalSection(ProjectConfigurationPlatforms) = postSolution
		{251A35C5-652D-4E8F-814B-80BA27B1F212}.Debug|Any CPU.ActiveCfg = Debug|Any CPU
		{251A35C5-652D-4E8F-814B-80BA27B1F212}.Debug|Any CPU.Build.0 = Debug|Any CPU
		{251A35C5-652D-4E8F-814B-80BA27B1F212}.Release|Any CPU.ActiveCfg = Release|Any CPU
		{251A35C5-652D-4E8F-814B-80BA27B1F212}.Release|Any CPU.Build.0 = Release|Any CPU
		{D7D717BB-3940-403E-9BF0-D1FE9D361F1E}.Debug|Any CPU.ActiveCfg = Debug|Any CPU
		{D7D717BB-3940-403E-9BF0-D1FE9D361F1E}.Debug|Any CPU.Build.0 = Debug|Any CPU
		{D7D717BB-3940-403E-9BF0-D1FE9D361F1E}.Release|Any CPU.ActiveCfg = Release|Any CPU
		{D7D717BB-3940-403E-9BF0-D1FE9D361F1E}.Release|Any CPU.Build.0 = Release|Any CPU
		{C39FF0C4-6960-42AD-8E2C-D2CAFE850A52}.Debug|Any CPU.ActiveCfg = Debug|Any CPU
		{C39FF0C4-6960-42AD-8E2C-D2CAFE850A52}.Debug|Any CPU.Build.0 = Debug|Any CPU
		{C39FF0C4-6960-42AD-8E2C-D2CAFE850A52}.Release|Any CPU.ActiveCfg = Release|Any CPU
		{C39FF0C4-6960-42AD-8E2C-D2CAFE850A52}.Release|Any CPU.Build.0 = Release|Any CPU
	EndGlobalSection
	GlobalSection(SolutionProperties) = preSolution
		HideSolutionNode = FALSE
	EndGlobalSection
	GlobalSection(ExtensibilityGlobals) = postSolution
		SolutionGuid = {9B0EFE80-BEF0-4684-A135-3E214BDA1EA3}
	EndGlobalSection
EndGlobal
